
Microsoft Visual Studio Solution File, Format Version 12.00
# Visual Studio Version 17
VisualStudioVersion = 17.13.35931.197 d17.13
MinimumVisualStudioVersion = 10.0.40219.1
Project("{FAE04EC0-301F-11D3-BF4B-00C04F79EFBC}") = "qyn-figure", "qyn-figure\qyn-figure.csproj", "{44B265E5-07C3-49B9-9568-F4290DE04528}"
EndProject
Global
	GlobalSection(SolutionConfigurationPlatforms) = preSolution
		Debug|Any CPU = Debug|Any CPU
		Release|Any CPU = Release|Any CPU
	EndGlobalSection
	GlobalSection(ProjectConfigurationPlatforms) = postSolution
		{44B265E5-07C3-49B9-9568-F4290DE04528}.Debug|Any CPU.ActiveCfg = Debug|Any CPU
		{44B265E5-07C3-49B9-9568-F4290DE04528}.Debug|Any CPU.Build.0 = Debug|Any CPU
		{44B265E5-07C3-49B9-9568-F4290DE04528}.Release|Any CPU.ActiveCfg = Release|Any CPU
		{44B265E5-07C3-49B9-9568-F4290DE04528}.Release|Any CPU.Build.0 = Release|Any CPU
	EndGlobalSection
	GlobalSection(SolutionProperties) = preSolution
		HideSolutionNode = FALSE
	EndGlobalSection
	GlobalSection(ExtensibilityGlobals) = postSolution
		SolutionGuid = {A1506B78-7B95-478A-90EC-2E8060E2C8FA}
	EndGlobalSection
EndGlobal
